Microsoft Visual Studio Solution File, Format Version 12.00
# Visual Studio Version 17
VisualStudioVersion = 17.5.2.0
MinimumVisualStudioVersion = 10.0.40219.1
Project("{FAE04EC0-301F-11D3-BF4B-00C04F79EFBC}") = "TextQuest", "TextQuest/TextQuest.csproj", "{777EC7D5-3FD5-5164-2DEE-B6BDF5100336}"
EndProject
Project("{FAE04EC0-301F-11D3-BF4B-00C04F79EFBC}") = "TextQuestDraft", "TextQuestDraft\TextQuestDraft.csproj", "{DF25026E-F4A8-4867-968E-A710F65BD2D7}"
EndProject
Global
	GlobalSection(SolutionConfigurationPlatforms) = preSolution
		Debug|Any CPU = Debug|Any CPU
		Release|Any CPU = Release|Any CPU
	EndGlobalSection
	GlobalSection(ProjectConfigurationPlatforms) = postSolution
		{777EC7D5-3FD5-5164-2DEE-B6BDF5100336}.Debug|Any CPU.ActiveCfg = Debug|Any CPU
		{777EC7D5-3FD5-5164-2DEE-B6BDF5100336}.Debug|Any CPU.Build.0 = Debug|Any CPU
		{777EC7D5-3FD5-5164-2DEE-B6BDF5100336}.Release|Any CPU.ActiveCfg = Release|Any CPU
		{777EC7D5-3FD5-5164-2DEE-B6BDF5100336}.Release|Any CPU.Build.0 = Release|Any CPU
		{DF25026E-F4A8-4867-968E-A710F65BD2D7}.Debug|Any CPU.ActiveCfg = Debug|Any CPU
		{DF25026E-F4A8-4867-968E-A710F65BD2D7}.Debug|Any CPU.Build.0 = Debug|Any CPU
		{DF25026E-F4A8-4867-968E-A710F65BD2D7}.Release|Any CPU.ActiveCfg = Release|Any CPU
		{DF25026E-F4A8-4867-968E-A710F65BD2D7}.Release|Any CPU.Build.0 = Release|Any CPU
	EndGlobalSection
	GlobalSection(SolutionProperties) = preSolution
		HideSolutionNode = FALSE
	EndGlobalSection
	GlobalSection(ExtensibilityGlobals) = postSolution
		SolutionGuid = {E109BE90-0E97-4F47-A7DC-B6605F9F44E5}
	EndGlobalSection
EndGlobal
